
Microsoft Visual Studio Solution File, Format Version 12.00
# Visual Studio Version 16
VisualStudioVersion = 16.0.30413.136
MinimumVisualStudioVersion = 15.0.26124.0
Project("{9A19103F-16F7-4668-BE54-9A1E7A4F7556}") = "API", "API\API.csproj", "{0D5CB695-E311-46F2-B21F-3D29682D75A1}"
EndProject
Project("{9A19103F-16F7-4668-BE54-9A1E7A4F7556}") = "Core", "Core\Core.csproj", "{8AB304AF-48B8-41FC-B8FA-BA6E0AF90F51}"
EndProject
Project("{9A19103F-16F7-4668-BE54-9A1E7A4F7556}") = "Infrastructure", "Infrastructure\Infrastructure.csproj", "{2067C065-2D4C-4B6A-8A87-A8F84A1E7A8B}"
EndProject
Project("{9A19103F-16F7-4668-BE54-9A1E7A4F7556}") = "UnitTestsAPI", "UnitTestsAPI\UnitTestsAPI.csproj", "{4EED7516-3591-4FFA-8622-D0A6660C5AFF}"
EndProject
Global
	GlobalSection(SolutionConfigurationPlatforms) = preSolution
		Debug|Any CPU = Debug|Any CPU
		Debug|x64 = Debug|x64
		Debug|x86 = Debug|x86
		Release|Any CPU = Release|Any CPU
		Release|x64 = Release|x64
		Release|x86 = Release|x86
	EndGlobalSection
	GlobalSection(ProjectConfigurationPlatforms) = postSolution
		{0D5CB695-E311-46F2-B21F-3D29682D75A1}.Debug|Any CPU.ActiveCfg = Debug|Any CPU
		{0D5CB695-E311-46F2-B21F-3D29682D75A1}.Debug|Any CPU.Build.0 = Debug|Any CPU
		{0D5CB695-E311-46F2-B21F-3D29682D75A1}.Debug|x64.ActiveCfg = Debug|Any CPU
		{0D5CB695-E311-46F2-B21F-3D29682D75A1}.Debug|x64.Build.0 = Debug|Any CPU
		{0D5CB695-E311-46F2-B21F-3D29682D75A1}.Debug|x86.ActiveCfg = Debug|Any CPU
		{0D5CB695-E311-46F2-B21F-3D29682D75A1}.Debug|x86.Build.0 = Debug|Any CPU
		{0D5CB695-E311-46F2-B21F-3D29682D75A1}.Release|Any CPU.ActiveCfg = Release|Any CPU
		{0D5CB695-E311-46F2-B21F-3D29682D75A1}.Release|Any CPU.Build.0 = Release|Any CPU
		{0D5CB695-E311-46F2-B21F-3D29682D75A1}.Release|x64.ActiveCfg = Release|Any CPU
		{0D5CB695-E311-46F2-B21F-3D29682D75A1}.Release|x64.Build.0 = Release|Any CPU
		{0D5CB695-E311-46F2-B21F-3D29682D75A1}.Release|x86.ActiveCfg = Release|Any CPU
		{0D5CB695-E311-46F2-B21F-3D29682D75A1}.Release|x86.Build.0 = Release|Any CPU
		{8AB304AF-48B8-41FC-B8FA-BA6E0AF90F51}.Debug|Any CPU.ActiveCfg = Debug|Any CPU
		{8AB304AF-48B8-41FC-B8FA-BA6E0AF90F51}.Debug|Any CPU.Build.0 = Debug|Any CPU
		{8AB304AF-48B8-41FC-B8FA-BA6E0AF90F51}.Debug|x64.ActiveCfg = Debug|Any CPU
		{8AB304AF-48B8-41FC-B8FA-BA6E0AF90F51}.Debug|x64.Build.0 = Debug|Any CPU
		{8AB304AF-48B8-41FC-B8FA-BA6E0AF90F51}.Debug|x86.ActiveCfg = Debug|Any CPU
		{8AB304AF-48B8-41FC-B8FA-BA6E0AF90F51}.Debug|x86.Build.0 = Debug|Any CPU
		{8AB304AF-48B8-41FC-B8FA-BA6E0AF90F51}.Release|Any CPU.ActiveCfg = Release|Any CPU
		{8AB304AF-48B8-41FC-B8FA-BA6E0AF90F51}.Release|Any CPU.Build.0 = Release|Any CPU
		{8AB304AF-48B8-41FC-B8FA-BA6E0AF90F51}.Release|x64.ActiveCfg = Release|Any CPU
		{8AB304AF-48B8-41FC-B8FA-BA6E0AF90F51}.Release|x64.Build.0 = Release|Any CPU
		{8AB304AF-48B8-41FC-B8FA-BA6E0AF90F51}.Release|x86.ActiveCfg = Release|Any CPU
		{8AB304AF-48B8-41FC-B8FA-BA6E0AF90F51}.Release|x86.Build.0 = Release|Any CPU
		{2067C065-2D4C-4B6A-8A87-A8F84A1E7A8B}.Debug|Any CPU.ActiveCfg = Debug|Any CPU
		{2067C065-2D4C-4B6A-8A87-A8F84A1E7A8B}.Debug|Any CPU.Build.0 = Debug|Any CPU
		{2067C065-2D4C-4B6A-8A87-A8F84A1E7A8B}.Debug|x64.ActiveCfg = Debug|Any CPU
		{2067C065-2D4C-4B6A-8A87-A8F84A1E7A8B}.Debug|x64.Build.0 = Debug|Any CPU
		{2067C065-2D4C-4B6A-8A87-A8F84A1E7A8B}.Debug|x86.ActiveCfg = Debug|Any CPU
		{2067C065-2D4C-4B6A-8A87-A8F84A1E7A8B}.Debug|x86.Build.0 = Debug|Any CPU
		{2067C065-2D4C-4B6A-8A87-A8F84A1E7A8B}.Release|Any CPU.ActiveCfg = Release|Any CPU
		{2067C065-2D4C-4B6A-8A87-A8F84A1E7A8B}.Release|Any CPU.Build.0 = Release|Any CPU
		{2067C065-2D4C-4B6A-8A87-A8F84A1E7A8B}.Release|x64.ActiveCfg = Release|Any CPU
		{2067C065-2D4C-4B6A-8A87-A8F84A1E7A8B}.Release|x64.Build.0 = Release|Any CPU
		{2067C065-2D4C-4B6A-8A87-A8F84A1E7A8B}.Release|x86.ActiveCfg = Release|Any CPU
		{2067C065-2D4C-4B6A-8A87-A8F84A1E7A8B}.Release|x86.Build.0 = Release|Any CPU
		{4EED7516-3591-4FFA-8622-D0A6660C5AFF}.Debug|Any CPU.ActiveCfg = Debug|Any CPU
		{4EED7516-3591-4FFA-8622-D0A6660C5AFF}.Debug|Any CPU.Build.0 = Debug|Any CPU
		{4EED7516-3591-4FFA-8622-D0A6660C5AFF}.Debug|x64.ActiveCfg = Debug|Any CPU
		{4EED7516-3591-4FFA-8622-D0A6660C5AFF}.Debug|x64.Build.0 = Debug|Any CPU
		{4EED7516-3591-4FFA-8622-D0A6660C5AFF}.Debug|x86.ActiveCfg = Debug|Any CPU
		{4EED7516-3591-4FFA-8622-D0A6660C5AFF}.Debug|x86.Build.0 = Debug|Any CPU
		{4EED7516-3591-4FFA-8622-D0A6660C5AFF}.Release|Any CPU.ActiveCfg = Release|Any CPU
		{4EED7516-3591-4FFA-8622-D0A6660C5AFF}.Release|Any CPU.Build.0 = Release|Any CPU
		{4EED7516-3591-4FFA-8622-D0A6660C5AFF}.Release|x64.ActiveCfg = Release|Any CPU
		{4EED7516-3591-4FFA-8622-D0A6660C5AFF}.Release|x64.Build.0 = Release|Any CPU
		{4EED7516-3591-4FFA-8622-D0A6660C5AFF}.Release|x86.ActiveCfg = Release|Any CPU
		{4EED7516-3591-4FFA-8622-D0A6660C5AFF}.Release|x86.Build.0 = Release|Any CPU
	EndGlobalSection
	GlobalSection(SolutionProperties) = preSolution
		HideSolutionNode = FALSE
	EndGlobalSection
	GlobalSection(ExtensibilityGlobals) = postSolution
		SolutionGuid = {72C47205-7070-4ABC-9547-3634F094289A}
	EndGlobalSection
EndGlobal
